
Microsoft Visual Studio Solution File, Format Version 12.00
# Visual Studio Version 16
VisualStudioVersion = 16.0.31402.337
MinimumVisualStudioVersion = 10.0.40219.1
Project("{FAE04EC0-301F-11D3-BF4B-00C04F79EFBC}") = "WebRTC_Video", "WebRTC_Video\WebRTC_Video.csproj", "{5D42C712-177D-47F3-8B87-B117B135D4EE}"
EndProject
Global
	GlobalSection(SolutionConfigurationPlatforms) = preSolution
		Debug|Any CPU = Debug|Any CPU
		Release|Any CPU = Release|Any CPU
	EndGlobalSection
	GlobalSection(ProjectConfigurationPlatforms) = postSolution
		{5D42C712-177D-47F3-8B87-B117B135D4EE}.Debug|Any CPU.ActiveCfg = Debug|Any CPU
		{5D42C712-177D-47F3-8B87-B117B135D4EE}.Debug|Any CPU.Build.0 = Debug|Any CPU
		{5D42C712-177D-47F3-8B87-B117B135D4EE}.Release|Any CPU.ActiveCfg = Release|Any CPU
		{5D42C712-177D-47F3-8B87-B117B135D4EE}.Release|Any CPU.Build.0 = Release|Any CPU
	EndGlobalSection
	GlobalSection(SolutionProperties) = preSolution
		HideSolutionNode = FALSE
	EndGlobalSection
	GlobalSection(ExtensibilityGlobals) = postSolution
		SolutionGuid = {DC697AD0-4F57-46B8-825B-383E618EC1AB}
	EndGlobalSection
EndGlobal
